
Microsoft Visual Studio Solution File, Format Version 12.00
# Visual Studio Version 17
VisualStudioVersion = 17.6.33723.286
MinimumVisualStudioVersion = 10.0.40219.1
Project("{F184B08F-C81C-45F6-A57F-5ABD9991F28F}") = "LoraTrainManager", "LoraTrainManager.vbproj", "{0F2236DC-9525-4132-BFEA-87109008F092}"
EndProject
Global
	GlobalSection(SolutionConfigurationPlatforms) = preSolution
		Debug|Any CPU = Debug|Any CPU
		Release|Any CPU = Release|Any CPU
	EndGlobalSection
	GlobalSection(ProjectConfigurationPlatforms) = postSolution
		{0F2236DC-9525-4132-BFEA-87109008F092}.Debug|Any CPU.ActiveCfg = Debug|Any CPU
		{0F2236DC-9525-4132-BFEA-87109008F092}.Debug|Any CPU.Build.0 = Debug|Any CPU
		{0F2236DC-9525-4132-BFEA-87109008F092}.Release|Any CPU.ActiveCfg = Release|Any CPU
		{0F2236DC-9525-4132-BFEA-87109008F092}.Release|Any CPU.Build.0 = Release|Any CPU
	EndGlobalSection
	GlobalSection(SolutionProperties) = preSolution
		HideSolutionNode = FALSE
	EndGlobalSection
	GlobalSection(ExtensibilityGlobals) = postSolution
		SolutionGuid = {C9A3141B-D164-4D8B-AFD5-38048EE05DF9}
	EndGlobalSection
EndGlobal
